
Microsoft Visual Studio Solution File, Format Version 12.00
# Visual Studio Version 17
VisualStudioVersion = 17.13.35919.96 d17.13
MinimumVisualStudioVersion = 10.0.40219.1
Project("{FAE04EC0-301F-11D3-BF4B-00C04F79EFBC}") = "2DArray", "2DArray\2DArray.csproj", "{66D49A37-323A-46D5-99B8-BB2D5E3E8106}"
EndProject
Global
	GlobalSection(SolutionConfigurationPlatforms) = preSolution
		Debug|Any CPU = Debug|Any CPU
		Release|Any CPU = Release|Any CPU
	EndGlobalSection
	GlobalSection(ProjectConfigurationPlatforms) = postSolution
		{66D49A37-323A-46D5-99B8-BB2D5E3E8106}.Debug|Any CPU.ActiveCfg = Debug|Any CPU
		{66D49A37-323A-46D5-99B8-BB2D5E3E8106}.Debug|Any CPU.Build.0 = Debug|Any CPU
		{66D49A37-323A-46D5-99B8-BB2D5E3E8106}.Release|Any CPU.ActiveCfg = Release|Any CPU
		{66D49A37-323A-46D5-99B8-BB2D5E3E8106}.Release|Any CPU.Build.0 = Release|Any CPU
	EndGlobalSection
	GlobalSection(SolutionProperties) = preSolution
		HideSolutionNode = FALSE
	EndGlobalSection
	GlobalSection(ExtensibilityGlobals) = postSolution
		SolutionGuid = {E1B2F417-B0D6-436D-9A29-25001F06AE1D}
	EndGlobalSection
EndGlobal
